
Microsoft Visual Studio Solution File, Format Version 12.00
# Visual Studio Version 16
VisualStudioVersion = 16.0.28803.452
MinimumVisualStudioVersion = 10.0.40219.1
Project("{FAE04EC0-301F-11D3-BF4B-00C04F79EFBC}") = "Test", "Test\Test.csproj", "{AB65409A-51D8-49A2-8C0D-E50769E69BDE}"
EndProject
Global
	GlobalSection(SolutionConfigurationPlatforms) = preSolution
		Debug|Any CPU = Debug|Any CPU
		Release|Any CPU = Release|Any CPU
	EndGlobalSection
	GlobalSection(ProjectConfigurationPlatforms) = postSolution
		{AB65409A-51D8-49A2-8C0D-E50769E69BDE}.Debug|Any CPU.ActiveCfg = Debug|Any CPU
		{AB65409A-51D8-49A2-8C0D-E50769E69BDE}.Debug|Any CPU.Build.0 = Debug|Any CPU
		{AB65409A-51D8-49A2-8C0D-E50769E69BDE}.Release|Any CPU.ActiveCfg = Release|Any CPU
		{AB65409A-51D8-49A2-8C0D-E50769E69BDE}.Release|Any CPU.Build.0 = Release|Any CPU
	EndGlobalSection
	GlobalSection(SolutionProperties) = preSolution
		HideSolutionNode = FALSE
	EndGlobalSection
	GlobalSection(ExtensibilityGlobals) = postSolution
		SolutionGuid = {5314B1A4-6D45-4252-8456-C1185EED75FF}
	EndGlobalSection
EndGlobal
